// !$*UTF8*$!
{
	archiveVersion = 1;
	classes = {
	};
	objectVersion = 48;
	objects = {

/* Begin PBXBuildFile section */
		08D3DF56FF0911706F94774E /* Pods_Smack.framework in Frameworks */ = {isa = PBXBuildFile; fileRef = 25070408A8CA07AAD87F120E /* Pods_Smack.framework */; };
		421315A7219684B2009E847E /* ChatVC.swift in Sources */ = {isa = PBXBuildFile; fileRef = 421315A6219684B2009E847E /* ChatVC.swift */; };
		421315A9219684CC009E847E /* ChannelVC.swift in Sources */ = {isa = PBXBuildFile; fileRef = 421315A8219684CC009E847E /* ChannelVC.swift */; };
		421315AA21968790009E847E /* SWRevealViewController.m in Sources */ = {isa = PBXBuildFile; fileRef = 42FCA57221914C0000423545 /* SWRevealViewController.m */; };
		422A4F2721ADAAB4005399BC /* CircularImage.swift in Sources */ = {isa = PBXBuildFile; fileRef = 422A4F2621ADAAB4005399BC /* CircularImage.swift */; };
		424DEB7B21ACEE4F001ABDB2 /* AvatarPickerVC.swift in Sources */ = {isa = PBXBuildFile; fileRef = 424DEB7A21ACEE4F001ABDB2 /* AvatarPickerVC.swift */; };
		424DEB7D21ACEFBD001ABDB2 /* AvatarCell.swift in Sources */ = {isa = PBXBuildFile; fileRef = 424DEB7C21ACEFBD001ABDB2 /* AvatarCell.swift */; };
		42721EFD21A113BD00E704F8 /* AuthService.swift in Sources */ = {isa = PBXBuildFile; fileRef = 42721EFC21A113BD00E704F8 /* AuthService.swift */; };
		428F8DF82197D5BE00253E43 /* GradientView.swift in Sources */ = {isa = PBXBuildFile; fileRef = 428F8DF72197D59600253E43 /* GradientView.swift */; };
		42E4E47021A30AFE001DF12E /* RoundedButton.swift in Sources */ = {isa = PBXBuildFile; fileRef = 42E4E46F21A30AFE001DF12E /* RoundedButton.swift */; };
		42E4E47221A3BEB0001DF12E /* UserDataService.swift in Sources */ = {isa = PBXBuildFile; fileRef = 42E4E47121A3BEB0001DF12E /* UserDataService.swift */; };
		42EF125F2191452000C37D25 /* AppDelegate.swift in Sources */ = {isa = PBXBuildFile; fileRef = 42EF125E2191452000C37D25 /* AppDelegate.swift */; };
		42EF12642191452000C37D25 /* Main.storyboard in Resources */ = {isa = PBXBuildFile; fileRef = 42EF12622191452000C37D25 /* Main.storyboard */; };
		42EF12662191452000C37D25 /* Assets.xcassets in Resources */ = {isa = PBXBuildFile; fileRef = 42EF12652191452000C37D25 /* Assets.xcassets */; };
		42EF12692191452000C37D25 /* LaunchScreen.storyboard in Resources */ = {isa = PBXBuildFile; fileRef = 42EF12672191452000C37D25 /* LaunchScreen.storyboard */; };
		42F58071219A764D00CE5A3F /* CreateAccountVC.swift in Sources */ = {isa = PBXBuildFile; fileRef = 42F58070219A764D00CE5A3F /* CreateAccountVC.swift */; };
		42F75C832199EBA5003A0E30 /* Constants.swift in Sources */ = {isa = PBXBuildFile; fileRef = 42F75C822199EBA5003A0E30 /* Constants.swift */; };
		42F75C8D2199F303003A0E30 /* LoginVC.swift in Sources */ = {isa = PBXBuildFile; fileRef = 42F75C8C2199F303003A0E30 /* LoginVC.swift */; };
/* End PBXBuildFile section */

/* Begin PBXFileReference section */
		25070408A8CA07AAD87F120E /* Pods_Smack.framework */ = {isa = PBXFileReference; explicitFileType = wrapper.framework; includeInIndex = 0; path = Pods_Smack.framework; sourceTree = BUILT_PRODUCTS_DIR; };
		421315A6219684B2009E847E /* ChatVC.swift */ = {isa = PBXFileReference; lastKnownFileType = sourcecode.swift; path = ChatVC.swift; sourceTree = "<group>"; };
		421315A8219684CC009E847E /* ChannelVC.swift */ = {isa = PBXFileReference; lastKnownFileType = sourcecode.swift; path = ChannelVC.swift; sourceTree = "<group>"; };
		422A4F2621ADAAB4005399BC /* CircularImage.swift */ = {isa = PBXFileReference; lastKnownFileType = sourcecode.swift; path = CircularImage.swift; sourceTree = "<group>"; };
		424DEB7A21ACEE4F001ABDB2 /* AvatarPickerVC.swift */ = {isa = PBXFileReference; lastKnownFileType = sourcecode.swift; path = AvatarPickerVC.swift; sourceTree = "<group>"; };
		424DEB7C21ACEFBD001ABDB2 /* AvatarCell.swift */ = {isa = PBXFileReference; lastKnownFileType = sourcecode.swift; path = AvatarCell.swift; sourceTree = "<group>"; };
		42721EFC21A113BD00E704F8 /* AuthService.swift */ = {isa = PBXFileReference; lastKnownFileType = sourcecode.swift; path = AuthService.swift; sourceTree = "<group>"; };
		428F8DF72197D59600253E43 /* GradientView.swift */ = {isa = PBXFileReference; lastKnownFileType = sourcecode.swift; path = GradientView.swift; sourceTree = "<group>"; };
		42E4E46F21A30AFE001DF12E /* RoundedButton.swift */ = {isa = PBXFileReference; lastKnownFileType = sourcecode.swift; path = RoundedButton.swift; sourceTree = "<group>"; };
		42E4E47121A3BEB0001DF12E /* UserDataService.swift */ = {isa = PBXFileReference; lastKnownFileType = sourcecode.swift; path = UserDataService.swift; sourceTree = "<group>"; };
		42EF125B2191452000C37D25 /* Smack.app */ = {isa = PBXFileReference; explicitFileType = wrapper.application; includeInIndex = 0; path = Smack.app; sourceTree = BUILT_PRODUCTS_DIR; };
		42EF125E2191452000C37D25 /* AppDelegate.swift */ = {isa = PBXFileReference; lastKnownFileType = sourcecode.swift; path = AppDelegate.swift; sourceTree = "<group>"; };
		42EF12632191452000C37D25 /* Base */ = {isa = PBXFileReference; lastKnownFileType = file.storyboard; name = Base; path = Base.lproj/Main.storyboard; sourceTree = "<group>"; };
		42EF12652191452000C37D25 /* Assets.xcassets */ = {isa = PBXFileReference; lastKnownFileType = folder.assetcatalog; path = Assets.xcassets; sourceTree = "<group>"; };
		42EF12682191452000C37D25 /* Base */ = {isa = PBXFileReference; lastKnownFileType = file.storyboard; name = Base; path = Base.lproj/LaunchScreen.storyboard; sourceTree = "<group>"; };
		42EF126A2191452000C37D25 /* Info.plist */ = {isa = PBXFileReference; lastKnownFileType = text.plist.xml; path = Info.plist; sourceTree = "<group>"; };
		42F58070219A764D00CE5A3F /* CreateAccountVC.swift */ = {isa = PBXFileReference; lastKnownFileType = sourcecode.swift; path = CreateAccountVC.swift; sourceTree = "<group>"; };
		42F75C822199EBA5003A0E30 /* Constants.swift */ = {isa = PBXFileReference; lastKnownFileType = sourcecode.swift; path = Constants.swift; sourceTree = "<group>"; };
		42F75C8C2199F303003A0E30 /* LoginVC.swift */ = {isa = PBXFileReference; lastKnownFileType = sourcecode.swift; path = LoginVC.swift; sourceTree = "<group>"; };
		42FCA57021914BFF00423545 /* Smack-Bridging-Header.h */ = {isa = PBXFileReference; lastKnownFileType = sourcecode.c.h; path = "Smack-Bridging-Header.h"; sourceTree = "<group>"; };
		42FCA57121914C0000423545 /* SWRevealViewController.h */ = {isa = PBXFileReference; lastKnownFileType = sourcecode.c.h; path = SWRevealViewController.h; sourceTree = "<group>"; };
		42FCA57221914C0000423545 /* SWRevealViewController.m */ = {isa = PBXFileReference; lastKnownFileType = sourcecode.c.objc; path = SWRevealViewController.m; sourceTree = "<group>"; };
		8AF9DC02A4C3854392A421E0 /* Pods-Smack.debug.xcconfig */ = {isa = PBXFileReference; includeInIndex = 1; lastKnownFileType = text.xcconfig; name = "Pods-Smack.debug.xcconfig"; path = "Pods/Target Support Files/Pods-Smack/Pods-Smack.debug.xcconfig"; sourceTree = "<group>"; };
		EDCB1115BB16EA133207F8D4 /* Pods-Smack.release.xcconfig */ = {isa = PBXFileReference; includeInIndex = 1; lastKnownFileType = text.xcconfig; name = "Pods-Smack.release.xcconfig"; path = "Pods/Target Support Files/Pods-Smack/Pods-Smack.release.xcconfig"; sourceTree = "<group>"; };
/* End PBXFileReference section */

/* Begin PBXFrameworksBuildPhase section */
		42EF12582191452000C37D25 /* Frameworks */ = {
			isa = PBXFrameworksBuildPhase;
			buildActionMask = 2147483647;
			files = (
				08D3DF56FF0911706F94774E /* Pods_Smack.framework in Frameworks */,
			);
			runOnlyForDeploymentPostprocessing = 0;
		};
/* End PBXFrameworksBuildPhase section */

/* Begin PBXGroup section */
		30C778B556E775E2A2C30D3C /* Pods */ = {
			isa = PBXGroup;
			children = (
				8AF9DC02A4C3854392A421E0 /* Pods-Smack.debug.xcconfig */,
				EDCB1115BB16EA133207F8D4 /* Pods-Smack.release.xcconfig */,
			);
			name = Pods;
			sourceTree = "<group>";
		};
		421315A3219683F7009E847E /* Controller */ = {
			isa = PBXGroup;
			children = (
				421315A6219684B2009E847E /* ChatVC.swift */,
				421315A8219684CC009E847E /* ChannelVC.swift */,
				42F75C8C2199F303003A0E30 /* LoginVC.swift */,
				42F58070219A764D00CE5A3F /* CreateAccountVC.swift */,
				424DEB7A21ACEE4F001ABDB2 /* AvatarPickerVC.swift */,
			);
			path = Controller;
			sourceTree = "<group>";
		};
		421315A421968401009E847E /* Model */ = {
			isa = PBXGroup;
			children = (
			);
			path = Model;
			sourceTree = "<group>";
		};
		421315A521968447009E847E /* View */ = {
			isa = PBXGroup;
			children = (
				428F8DF72197D59600253E43 /* GradientView.swift */,
				42E4E46F21A30AFE001DF12E /* RoundedButton.swift */,
				424DEB7C21ACEFBD001ABDB2 /* AvatarCell.swift */,
				422A4F2621ADAAB4005399BC /* CircularImage.swift */,
			);
			path = View;
			sourceTree = "<group>";
		};
		42721EFB21A1139F00E704F8 /* Services */ = {
			isa = PBXGroup;
			children = (
				42721EFC21A113BD00E704F8 /* AuthService.swift */,
				42E4E47121A3BEB0001DF12E /* UserDataService.swift */,
			);
			path = Services;
			sourceTree = "<group>";
		};
		42EF12522191452000C37D25 = {
			isa = PBXGroup;
			children = (
				42EF125D2191452000C37D25 /* Smack */,
				42EF125C2191452000C37D25 /* Products */,
				30C778B556E775E2A2C30D3C /* Pods */,
				4B3957484FADF31F1313687A /* Frameworks */,
			);
			sourceTree = "<group>";
		};
		42EF125C2191452000C37D25 /* Products */ = {
			isa = PBXGroup;
			children = (
				42EF125B2191452000C37D25 /* Smack.app */,
			);
			name = Products;
			sourceTree = "<group>";
		};
		42EF125D2191452000C37D25 /* Smack */ = {
			isa = PBXGroup;
			children = (
				42721EFB21A1139F00E704F8 /* Services */,
				42F75C812199EB78003A0E30 /* Utilities */,
				42FCA56F21914BC900423545 /* Supporting Files */,
				421315A521968447009E847E /* View */,
				421315A421968401009E847E /* Model */,
				421315A3219683F7009E847E /* Controller */,
				42EF125E2191452000C37D25 /* AppDelegate.swift */,
				42EF12622191452000C37D25 /* Main.storyboard */,
				42EF12652191452000C37D25 /* Assets.xcassets */,
				42EF12672191452000C37D25 /* LaunchScreen.storyboard */,
				42EF126A2191452000C37D25 /* Info.plist */,
			);
			path = Smack;
			sourceTree = "<group>";
		};
		42F75C812199EB78003A0E30 /* Utilities */ = {
			isa = PBXGroup;
			children = (
				42F75C822199EBA5003A0E30 /* Constants.swift */,
			);
			path = Utilities;
			sourceTree = "<group>";
		};
		42FCA56F21914BC900423545 /* Supporting Files */ = {
			isa = PBXGroup;
			children = (
				42FCA57121914C0000423545 /* SWRevealViewController.h */,
				42FCA57221914C0000423545 /* SWRevealViewController.m */,
				42FCA57021914BFF00423545 /* Smack-Bridging-Header.h */,
			);
			path = "Supporting Files";
			sourceTree = "<group>";
		};
		4B3957484FADF31F1313687A /* Frameworks */ = {
			isa = PBXGroup;
			children = (
				25070408A8CA07AAD87F120E /* Pods_Smack.framework */,
			);
			name = Frameworks;
			sourceTree = "<group>";
		};
/* End PBXGroup section */

/* Begin PBXNativeTarget section */
		42EF125A2191452000C37D25 /* Smack */ = {
			isa = PBXNativeTarget;
			buildConfigurationList = 42EF126D2191452000C37D25 /* Build configuration list for PBXNativeTarget "Smack" */;
			buildPhases = (
				9A45097A7CBEC86FA13FBC0A /* [CP] Check Pods Manifest.lock */,
				42EF12572191452000C37D25 /* Sources */,
				42EF12582191452000C37D25 /* Frameworks */,
				42EF12592191452000C37D25 /* Resources */,
				0E71628454D07AD8F3F852AE /* [CP] Embed Pods Frameworks */,
			);
			buildRules = (
			);
			dependencies = (
			);
			name = Smack;
			productName = Smack;
			productReference = 42EF125B2191452000C37D25 /* Smack.app */;
			productType = "com.apple.product-type.application";
		};
/* End PBXNativeTarget section */

/* Begin PBXProject section */
		42EF12532191452000C37D25 /* Project object */ = {
			isa = PBXProject;
			attributes = {
				LastSwiftUpdateCheck = 0900;
				LastUpgradeCheck = 0900;
				ORGANIZATIONNAME = Parsa;
				TargetAttributes = {
					42EF125A2191452000C37D25 = {
						CreatedOnToolsVersion = 9.0;
						LastSwiftMigration = 0900;
						ProvisioningStyle = Automatic;
					};
				};
			};
			buildConfigurationList = 42EF12562191452000C37D25 /* Build configuration list for PBXProject "Smack" */;
			compatibilityVersion = "Xcode 8.0";
			developmentRegion = en;
			hasScannedForEncodings = 0;
			knownRegions = (
				en,
				Base,
			);
			mainGroup = 42EF12522191452000C37D25;
			productRefGroup = 42EF125C2191452000C37D25 /* Products */;
			projectDirPath = "";
			projectRoot = "";
			targets = (
				42EF125A2191452000C37D25 /* Smack */,
			);
		};
/* End PBXProject section */

/* Begin PBXResourcesBuildPhase section */
		42EF12592191452000C37D25 /* Resources */ = {
			isa = PBXResourcesBuildPhase;
			buildActionMask = 2147483647;
			files = (
				42EF12692191452000C37D25 /* LaunchScreen.storyboard in Resources */,
				42EF12662191452000C37D25 /* Assets.xcassets in Resources */,
				42EF12642191452000C37D25 /* Main.storyboard in Resources */,
			);
			runOnlyForDeploymentPostprocessing = 0;
		};
/* End PBXResourcesBuildPhase section */

/* Begin PBXShellScriptBuildPhase section */
		0E71628454D07AD8F3F852AE /* [CP] Embed Pods Frameworks */ = {
			isa = PBXShellScriptBuildPhase;
			buildActionMask = 2147483647;
			files = (
			);
			inputPaths = (
				"${SRCROOT}/Pods/Target Support Files/Pods-Smack/Pods-Smack-frameworks.sh",
				"${BUILT_PRODUCTS_DIR}/Alamofire/Alamofire.framework",
				"${BUILT_PRODUCTS_DIR}/Socket.IO-Client-Swift/SocketIO.framework",
				"${BUILT_PRODUCTS_DIR}/Starscream/Starscream.framework",
				"${BUILT_PRODUCTS_DIR}/SwiftyJSON/SwiftyJSON.framework",
			);
			name = "[CP] Embed Pods Frameworks";
			outputPaths = (
				"${TARGET_BUILD_DIR}/${FRAMEWORKS_FOLDER_PATH}/Alamofire.framework",
				"${TARGET_BUILD_DIR}/${FRAMEWORKS_FOLDER_PATH}/SocketIO.framework",
				"${TARGET_BUILD_DIR}/${FRAMEWORKS_FOLDER_PATH}/Starscream.framework",
				"${TARGET_BUILD_DIR}/${FRAMEWORKS_FOLDER_PATH}/SwiftyJSON.framework",
			);
			runOnlyForDeploymentPostprocessing = 0;
			shellPath = /bin/sh;
			shellScript = "\"${SRCROOT}/Pods/Target Support Files/Pods-Smack/Pods-Smack-frameworks.sh\"\n";
			showEnvVarsInLog = 0;
		};
		9A45097A7CBEC86FA13FBC0A /* [CP] Check Pods Manifest.lock */ = {
			isa = PBXShellScriptBuildPhase;
			buildActionMask = 2147483647;
			files = (
			);
			inputPaths = (
				"${PODS_PODFILE_DIR_PATH}/Podfile.lock",
				"${PODS_ROOT}/Manifest.lock",
			);
			name = "[CP] Check Pods Manifest.lock";
			outputPaths = (
				"$(DERIVED_FILE_DIR)/Pods-Smack-checkManifestLockResult.txt",
			);
			runOnlyForDeploymentPostprocessing = 0;
			shellPath = /bin/sh;
			shellScript = "diff \"${PODS_PODFILE_DIR_PATH}/Podfile.lock\" \"${PODS_ROOT}/Manifest.lock\" > /dev/null\nif [ $? != 0 ] ; then\n    # print error to STDERR\n    echo \"error: The sandbox is not in sync with the Podfile.lock. Run 'pod install' or update your CocoaPods installation.\" >&2\n    exit 1\nfi\n# This output is used by Xcode 'outputs' to avoid re-running this script phase.\necho \"SUCCESS\" > \"${SCRIPT_OUTPUT_FILE_0}\"\n";
			showEnvVarsInLog = 0;
		};
/* End PBXShellScriptBuildPhase section */

/* Begin PBXSourcesBuildPhase section */
		42EF12572191452000C37D25 /* Sources */ = {
			isa = PBXSourcesBuildPhase;
			buildActionMask = 2147483647;
			files = (
				421315A7219684B2009E847E /* ChatVC.swift in Sources */,
				424DEB7B21ACEE4F001ABDB2 /* AvatarPickerVC.swift in Sources */,
				422A4F2721ADAAB4005399BC /* CircularImage.swift in Sources */,
				42E4E47021A30AFE001DF12E /* RoundedButton.swift in Sources */,
				421315A9219684CC009E847E /* ChannelVC.swift in Sources */,
				42E4E47221A3BEB0001DF12E /* UserDataService.swift in Sources */,
				42F58071219A764D00CE5A3F /* CreateAccountVC.swift in Sources */,
				42721EFD21A113BD00E704F8 /* AuthService.swift in Sources */,
				42F75C8D2199F303003A0E30 /* LoginVC.swift in Sources */,
				428F8DF82197D5BE00253E43 /* GradientView.swift in Sources */,
				424DEB7D21ACEFBD001ABDB2 /* AvatarCell.swift in Sources */,
				42EF125F2191452000C37D25 /* AppDelegate.swift in Sources */,
				421315AA21968790009E847E /* SWRevealViewController.m in Sources */,
				42F75C832199EBA5003A0E30 /* Constants.swift in Sources */,
			);
			runOnlyForDeploymentPostprocessing = 0;
		};
/* End PBXSourcesBuildPhase section */

/* Begin PBXVariantGroup section */
		42EF12622191452000C37D25 /* Main.storyboard */ = {
			isa = PBXVariantGroup;
			children = (
				42EF12632191452000C37D25 /* Base */,
			);
			name = Main.storyboard;
			sourceTree = "<group>";
		};
		42EF12672191452000C37D25 /* LaunchScreen.storyboard */ = {
			isa = PBXVariantGroup;
			children = (
				42EF12682191452000C37D25 /* Base */,
			);
			name = LaunchScreen.storyboard;
			sourceTree = "<group>";
		};
/* End PBXVariantGroup section */

/* Begin XCBuildConfiguration section */
		42EF126B2191452000C37D25 /* Debug */ = {
			isa = XCBuildConfiguration;
			buildSettings = {
				ALWAYS_SEARCH_USER_PATHS = NO;
				CLANG_ANALYZER_NONNULL = YES;
				CLANG_ANALYZER_NUMBER_OBJECT_CONVERSION = YES_AGGRESSIVE;
				CLANG_CXX_LANGUAGE_STANDARD = "gnu++14";
				CLANG_CXX_LIBRARY = "libc++";
				CLANG_ENABLE_MODULES = YES;
				CLANG_ENABLE_OBJC_ARC = YES;
				CLANG_WARN_BLOCK_CAPTURE_AUTORELEASING = YES;
				CLANG_WARN_BOOL_CONVERSION = YES;
				CLANG_WARN_COMMA = YES;
				CLANG_WARN_CONSTANT_CONVERSION = YES;
				CLANG_WARN_DIRECT_OBJC_ISA_USAGE = YES_ERROR;
				CLANG_WARN_DOCUMENTATION_COMMENTS = YES;
				CLANG_WARN_EMPTY_BODY = YES;
				CLANG_WARN_ENUM_CONVERSION = YES;
				CLANG_WARN_INFINITE_RECURSION = YES;
				CLANG_WARN_INT_CONVERSION = YES;
				CLANG_WARN_NON_LITERAL_NULL_CONVERSION = YES;
				CLANG_WARN_OBJC_LITERAL_CONVERSION = YES;
				CLANG_WARN_OBJC_ROOT_CLASS = YES_ERROR;
				CLANG_WARN_RANGE_LOOP_ANALYSIS = YES;
				CLANG_WARN_STRICT_PROTOTYPES = YES;
				CLANG_WARN_SUSPICIOUS_MOVE = YES;
				CLANG_WARN_UNGUARDED_AVAILABILITY = YES_AGGRESSIVE;
				CLANG_WARN_UNREACHABLE_CODE = YES;
				CLANG_WARN__DUPLICATE_METHOD_MATCH = YES;
				CODE_SIGN_IDENTITY = "iPhone Developer";
				COPY_PHASE_STRIP = NO;
				DEBUG_INFORMATION_FORMAT = dwarf;
				ENABLE_STRICT_OBJC_MSGSEND = YES;
				ENABLE_TESTABILITY = YES;
				GCC_C_LANGUAGE_STANDARD = gnu11;
				GCC_DYNAMIC_NO_PIC = NO;
				GCC_NO_COMMON_BLOCKS = YES;
				GCC_OPTIMIZATION_LEVEL = 0;
				GCC_PREPROCESSOR_DEFINITIONS = (
					"DEBUG=1",
					"$(inherited)",
				);
				GCC_WARN_64_TO_32_BIT_CONVERSION = YES;
				GCC_WARN_ABOUT_RETURN_TYPE = YES_ERROR;
				GCC_WARN_UNDECLARED_SELECTOR = YES;
				GCC_WARN_UNINITIALIZED_AUTOS = YES_AGGRESSIVE;
				GCC_WARN_UNUSED_FUNCTION = YES;
				GCC_WARN_UNUSED_VARIABLE = YES;
				IPHONEOS_DEPLOYMENT_TARGET = 11.0;
				MTL_ENABLE_DEBUG_INFO = YES;
				ONLY_ACTIVE_ARCH = YES;
				SDKROOT = iphoneos;
				SWIFT_ACTIVE_COMPILATION_CONDITIONS = DEBUG;
				SWIFT_OPTIMIZATION_LEVEL = "-Onone";
			};
			name = Debug;
		};
		42EF126C2191452000C37D25 /* Release */ = {
			isa = XCBuildConfiguration;
			buildSettings = {
				ALWAYS_SEARCH_USER_PATHS = NO;
				CLANG_ANALYZER_NONNULL = YES;
				CLANG_ANALYZER_NUMBER_OBJECT_CONVERSION = YES_AGGRESSIVE;
				CLANG_CXX_LANGUAGE_STANDARD = "gnu++14";
				CLANG_CXX_LIBRARY = "libc++";
				CLANG_ENABLE_MODULES = YES;
				CLANG_ENABLE_OBJC_ARC = YES;
				CLANG_WARN_BLOCK_CAPTURE_AUTORELEASING = YES;
				CLANG_WARN_BOOL_CONVERSION = YES;
				CLANG_WARN_COMMA = YES;
				CLANG_WARN_CONSTANT_CONVERSION = YES;
				CLANG_WARN_DIRECT_OBJC_ISA_USAGE = YES_ERROR;
				CLANG_WARN_DOCUMENTATION_COMMENTS = YES;
				CLANG_WARN_EMPTY_BODY = YES;
				CLANG_WARN_ENUM_CONVERSION = YES;
				CLANG_WARN_INFINITE_RECURSION = YES;
				CLANG_WARN_INT_CONVERSION = YES;
				CLANG_WARN_NON_LITERAL_NULL_CONVERSION = YES;
				CLANG_WARN_OBJC_LITERAL_CONVERSION = YES;
				CLANG_WARN_OBJC_ROOT_CLASS = YES_ERROR;
				CLANG_WARN_RANGE_LOOP_ANALYSIS = YES;
				CLANG_WARN_STRICT_PROTOTYPES = YES;
				CLANG_WARN_SUSPICIOUS_MOVE = YES;
				CLANG_WARN_UNGUARDED_AVAILABILITY = YES_AGGRESSIVE;
				CLANG_WARN_UNREACHABLE_CODE = YES;
				CLANG_WARN__DUPLICATE_METHOD_MATCH = YES;
				CODE_SIGN_IDENTITY = "iPhone Developer";
				COPY_PHASE_STRIP = NO;
				DEBUG_INFORMATION_FORMAT = "dwarf-with-dsym";
				ENABLE_NS_ASSERTIONS = NO;
				ENABLE_STRICT_OBJC_MSGSEND = YES;
				GCC_C_LANGUAGE_STANDARD = gnu11;
				GCC_NO_COMMON_BLOCKS = YES;
				GCC_WARN_64_TO_32_BIT_CONVERSION = YES;
				GCC_WARN_ABOUT_RETURN_TYPE = YES_ERROR;
				GCC_WARN_UNDECLARED_SELECTOR = YES;
				GCC_WARN_UNINITIALIZED_AUTOS = YES_AGGRESSIVE;
				GCC_WARN_UNUSED_FUNCTION = YES;
				GCC_WARN_UNUSED_VARIABLE = YES;
				IPHONEOS_DEPLOYMENT_TARGET = 11.0;
				MTL_ENABLE_DEBUG_INFO = NO;
				SDKROOT = iphoneos;
				SWIFT_OPTIMIZATION_LEVEL = "-Owholemodule";
				VALIDATE_PRODUCT = YES;
			};
			name = Release;
		};
		42EF126E2191452000C37D25 /* Debug */ = {
			isa = XCBuildConfiguration;
			baseConfigurationReference = 8AF9DC02A4C3854392A421E0 /* Pods-Smack.debug.xcconfig */;
			buildSettings = {
				ASSETCATALOG_COMPILER_APPICON_NAME = AppIcon;
				CLANG_ENABLE_MODULES = YES;
				CODE_SIGN_STYLE = Automatic;
				DEVELOPMENT_TEAM = 7N86599UQZ;
				INFOPLIST_FILE = Smack/Info.plist;
				LD_RUNPATH_SEARCH_PATHS = "$(inherited) @executable_path/Frameworks";
				PRODUCT_BUNDLE_IDENTIFIER = com.parsakarami.Smack;
				PRODUCT_NAME = "$(TARGET_NAME)";
				SWIFT_OBJC_BRIDGING_HEADER = "Smack/Supporting Files/Smack-Bridging-Header.h";
				SWIFT_OPTIMIZATION_LEVEL = "-Onone";
				SWIFT_VERSION = 4.0;
				TARGETED_DEVICE_FAMILY = "1,2";
			};
			name = Debug;
		};
		42EF126F2191452000C37D25 /* Release */ = {
			isa = XCBuildConfiguration;
			baseConfigurationReference = EDCB1115BB16EA133207F8D4 /* Pods-Smack.release.xcconfig */;
			buildSettings = {
				ASSETCATALOG_COMPILER_APPICON_NAME = AppIcon;
				CLANG_ENABLE_MODULES = YES;
				CODE_SIGN_STYLE = Automatic;
				DEVELOPMENT_TEAM = 7N86599UQZ;
				INFOPLIST_FILE = Smack/Info.plist;
				LD_RUNPATH_SEARCH_PATHS = "$(inherited) @executable_path/Frameworks";
				PRODUCT_BUNDLE_IDENTIFIER = com.parsakarami.Smack;
				PRODUCT_NAME = "$(TARGET_NAME)";
				SWIFT_OBJC_BRIDGING_HEADER = "Smack/Supporting Files/Smack-Bridging-Header.h";
				SWIFT_VERSION = 4.0;
				TARGETED_DEVICE_FAMILY = "1,2";
			};
			name = Release;
		};
/* End XCBuildConfiguration section */

/* Begin XCConfigurationList section */
		42EF12562191452000C37D25 /* Build configuration list for PBXProject "Smack" */ = {
			isa = XCConfigurationList;
			buildConfigurations = (
				42EF126B2191452000C37D25 /* Debug */,
				42EF126C2191452000C37D25 /* Release */,
			);
			defaultConfigurationIsVisible = 0;
			defaultConfigurationName = Release;
		};
		42EF126D2191452000C37D25 /* Build configuration list for PBXNativeTarget "Smack" */ = {
			isa = XCConfigurationList;
			buildConfigurations = (
				42EF126E2191452000C37D25 /* Debug */,
				42EF126F2191452000C37D25 /* Release */,
			);
			defaultConfigurationIsVisible = 0;
			defaultConfigurationName = Release;
		};
/* End XCConfigurationList section */
	};
	rootObject = 42EF12532191452000C37D25 /* Project object */;
}
